
Microsoft Visual Studio Solution File, Format Version 12.00
# Visual Studio Version 16
VisualStudioVersion = 16.0.30413.136
MinimumVisualStudioVersion = 10.0.40219.1
Project("{FAE04EC0-301F-11D3-BF4B-00C04F79EFBC}") = "ExerciseA", "ExerciseA\ExerciseA.csproj", "{DAA5AB2B-4BFE-492F-9CE3-84BAF5524842}"
EndProject
Global
	GlobalSection(SolutionConfigurationPlatforms) = preSolution
		Debug|Any CPU = Debug|Any CPU
		Release|Any CPU = Release|Any CPU
	EndGlobalSection
	GlobalSection(ProjectConfigurationPlatforms) = postSolution
		{DAA5AB2B-4BFE-492F-9CE3-84BAF5524842}.Debug|Any CPU.ActiveCfg = Debug|Any CPU
		{DAA5AB2B-4BFE-492F-9CE3-84BAF5524842}.Debug|Any CPU.Build.0 = Debug|Any CPU
		{DAA5AB2B-4BFE-492F-9CE3-84BAF5524842}.Release|Any CPU.ActiveCfg = Release|Any CPU
		{DAA5AB2B-4BFE-492F-9CE3-84BAF5524842}.Release|Any CPU.Build.0 = Release|Any CPU
	EndGlobalSection
	GlobalSection(SolutionProperties) = preSolution
		HideSolutionNode = FALSE
	EndGlobalSection
	GlobalSection(ExtensibilityGlobals) = postSolution
		SolutionGuid = {7266AEE0-FAF4-4D42-89A1-7496B600F18F}
	EndGlobalSection
EndGlobal
